
Microsoft Visual Studio Solution File, Format Version 12.00
# Visual Studio Version 16
VisualStudioVersion = 16.0.29905.134
MinimumVisualStudioVersion = 10.0.40219.1
Project("{FAE04EC0-301F-11D3-BF4B-00C04F79EFBC}") = "Dynamics-365-Plugins", "Dynamics-365-Plugins\Dynamics-365-Plugins.csproj", "{F9F2CD46-969C-4C99-9E20-2CB55087C7B5}"
EndProject
Global
	GlobalSection(SolutionConfigurationPlatforms) = preSolution
		Debug|Any CPU = Debug|Any CPU
		Release|Any CPU = Release|Any CPU
	EndGlobalSection
	GlobalSection(ProjectConfigurationPlatforms) = postSolution
		{F9F2CD46-969C-4C99-9E20-2CB55087C7B5}.Debug|Any CPU.ActiveCfg = Debug|Any CPU
		{F9F2CD46-969C-4C99-9E20-2CB55087C7B5}.Debug|Any CPU.Build.0 = Debug|Any CPU
		{F9F2CD46-969C-4C99-9E20-2CB55087C7B5}.Release|Any CPU.ActiveCfg = Release|Any CPU
		{F9F2CD46-969C-4C99-9E20-2CB55087C7B5}.Release|Any CPU.Build.0 = Release|Any CPU
	EndGlobalSection
	GlobalSection(SolutionProperties) = preSolution
		HideSolutionNode = FALSE
	EndGlobalSection
	GlobalSection(ExtensibilityGlobals) = postSolution
		SolutionGuid = {88C4F57C-EB9A-4AFC-87FC-324B5AB887D8}
	EndGlobalSection
EndGlobal
